// !$*UTF8*$!
{
	archiveVersion = 1;
	classes = {
	};
	objectVersion = 46;
	objects = {

/* Begin PBXBuildFile section */
		00FAA8BE1D33803F000C1A5E /* AppDelegate.swift in Sources */ = {isa = PBXBuildFile; fileRef = 00FAA8BD1D33803F000C1A5E /* AppDelegate.swift */; };
		00FAA8C01D33803F000C1A5E /* ViewController.swift in Sources */ = {isa = PBXBuildFile; fileRef = 00FAA8BF1D33803F000C1A5E /* ViewController.swift */; };
		00FAA8C31D33803F000C1A5E /* Main.storyboard in Resources */ = {isa = PBXBuildFile; fileRef = 00FAA8C11D33803F000C1A5E /* Main.storyboard */; };
		00FAA8C51D33803F000C1A5E /* Assets.xcassets in Resources */ = {isa = PBXBuildFile; fileRef = 00FAA8C41D33803F000C1A5E /* Assets.xcassets */; };
		00FAA8D31D33803F000C1A5E /* TravisCITestTests.swift in Sources */ = {isa = PBXBuildFile; fileRef = 00FAA8D21D33803F000C1A5E /* TravisCITestTests.swift */; };
/* End PBXBuildFile section */

/* Begin PBXContainerItemProxy section */
		00FAA8CF1D33803F000C1A5E /* PBXContainerItemProxy */ = {
			isa = PBXContainerItemProxy;
			containerPortal = 00FAA8B21D33803F000C1A5E /* Project object */;
			proxyType = 1;
			remoteGlobalIDString = 00FAA8B91D33803F000C1A5E;
			remoteInfo = TravisCITest;
		};
/* End PBXContainerItemProxy section */

/* Begin PBXFileReference section */
		00FAA8BA1D33803F000C1A5E /* TravisCITest.app */ = {isa = PBXFileReference; explicitFileType = wrapper.application; includeInIndex = 0; path = TravisCITest.app; sourceTree = BUILT_PRODUCTS_DIR; };
		00FAA8BD1D33803F000C1A5E /* AppDelegate.swift */ = {isa = PBXFileReference; lastKnownFileType = sourcecode.swift; path = AppDelegate.swift; sourceTree = "<group>"; };
		00FAA8BF1D33803F000C1A5E /* ViewController.swift */ = {isa = PBXFileReference; lastKnownFileType = sourcecode.swift; path = ViewController.swift; sourceTree = "<group>"; };
		00FAA8C21D33803F000C1A5E /* Base */ = {isa = PBXFileReference; lastKnownFileType = file.storyboard; name = Base; path = Base.lproj/Main.storyboard; sourceTree = "<group>"; };
		00FAA8C41D33803F000C1A5E /* Assets.xcassets */ = {isa = PBXFileReference; lastKnownFileType = folder.assetcatalog; path = Assets.xcassets; sourceTree = "<group>"; };
		00FAA8C91D33803F000C1A5E /* Info.plist */ = {isa = PBXFileReference; lastKnownFileType = text.plist.xml; path = Info.plist; sourceTree = "<group>"; };
		00FAA8CE1D33803F000C1A5E /* TravisCITestTests.xctest */ = {isa = PBXFileReference; explicitFileType = wrapper.cfbundle; includeInIndex = 0; path = TravisCITestTests.xctest; sourceTree = BUILT_PRODUCTS_DIR; };
		00FAA8D21D33803F000C1A5E /* TravisCITestTests.swift */ = {isa = PBXFileReference; lastKnownFileType = sourcecode.swift; path = TravisCITestTests.swift; sourceTree = "<group>"; };
		00FAA8D41D33803F000C1A5E /* Info.plist */ = {isa = PBXFileReference; lastKnownFileType = text.plist.xml; path = Info.plist; sourceTree = "<group>"; };
/* End PBXFileReference section */

/* Begin PBXFrameworksBuildPhase section */
		00FAA8B71D33803F000C1A5E /* Frameworks */ = {
			isa = PBXFrameworksBuildPhase;
			buildActionMask = 2147483647;
			files = (
			);
			runOnlyForDeploymentPostprocessing = 0;
		};
		00FAA8CB1D33803F000C1A5E /* Frameworks */ = {
			isa = PBXFrameworksBuildPhase;
			buildActionMask = 2147483647;
			files = (
			);
			runOnlyForDeploymentPostprocessing = 0;
		};
/* End PBXFrameworksBuildPhase section */

/* Begin PBXGroup section */
		00FAA8B11D33803F000C1A5E = {
			isa = PBXGroup;
			children = (
				00FAA8BC1D33803F000C1A5E /* TravisCITest */,
				00FAA8D11D33803F000C1A5E /* TravisCITestTests */,
				00FAA8BB1D33803F000C1A5E /* Products */,
			);
			sourceTree = "<group>";
		};
		00FAA8BB1D33803F000C1A5E /* Products */ = {
			isa = PBXGroup;
			children = (
				00FAA8BA1D33803F000C1A5E /* TravisCITest.app */,
				00FAA8CE1D33803F000C1A5E /* TravisCITestTests.xctest */,
			);
			name = Products;
			sourceTree = "<group>";
		};
		00FAA8BC1D33803F000C1A5E /* TravisCITest */ = {
			isa = PBXGroup;
			children = (
				00FAA8BD1D33803F000C1A5E /* AppDelegate.swift */,
				00FAA8BF1D33803F000C1A5E /* ViewController.swift */,
				00FAA8C11D33803F000C1A5E /* Main.storyboard */,
				00FAA8C41D33803F000C1A5E /* Assets.xcassets */,
				00FAA8C91D33803F000C1A5E /* Info.plist */,
			);
			path = TravisCITest;
			sourceTree = "<group>";
		};
		00FAA8D11D33803F000C1A5E /* TravisCITestTests */ = {
			isa = PBXGroup;
			children = (
				00FAA8D21D33803F000C1A5E /* TravisCITestTests.swift */,
				00FAA8D41D33803F000C1A5E /* Info.plist */,
			);
			path = TravisCITestTests;
			sourceTree = "<group>";
		};
/* End PBXGroup section */

/* Begin PBXNativeTarget section */
		00FAA8B91D33803F000C1A5E /* TravisCITest */ = {
			isa = PBXNativeTarget;
			buildConfigurationList = 00FAA8D71D33803F000C1A5E /* Build configuration list for PBXNativeTarget "TravisCITest" */;
			buildPhases = (
				00FAA8B61D33803F000C1A5E /* Sources */,
				00FAA8B71D33803F000C1A5E /* Frameworks */,
				00FAA8B81D33803F000C1A5E /* Resources */,
			);
			buildRules = (
			);
			dependencies = (
			);
			name = TravisCITest;
			productName = TravisCITest;
			productReference = 00FAA8BA1D33803F000C1A5E /* TravisCITest.app */;
			productType = "com.apple.product-type.application";
		};
		00FAA8CD1D33803F000C1A5E /* TravisCITestTests */ = {
			isa = PBXNativeTarget;
			buildConfigurationList = 00FAA8DA1D33803F000C1A5E /* Build configuration list for PBXNativeTarget "TravisCITestTests" */;
			buildPhases = (
				00FAA8CA1D33803F000C1A5E /* Sources */,
				00FAA8CB1D33803F000C1A5E /* Frameworks */,
				00FAA8CC1D33803F000C1A5E /* Resources */,
			);
			buildRules = (
			);
			dependencies = (
				00FAA8D01D33803F000C1A5E /* PBXTargetDependency */,
			);
			name = TravisCITestTests;
			productName = TravisCITestTests;
			productReference = 00FAA8CE1D33803F000C1A5E /* TravisCITestTests.xctest */;
			productType = "com.apple.product-type.bundle.unit-test";
		};
/* End PBXNativeTarget section */

/* Begin PBXProject section */
		00FAA8B21D33803F000C1A5E /* Project object */ = {
			isa = PBXProject;
			attributes = {
				LastSwiftUpdateCheck = 0730;
				LastUpgradeCheck = 0730;
				ORGANIZATIONNAME = "OAT Systems";
				TargetAttributes = {
					00FAA8B91D33803F000C1A5E = {
						CreatedOnToolsVersion = 7.3.1;
					};
					00FAA8CD1D33803F000C1A5E = {
						CreatedOnToolsVersion = 7.3.1;
						TestTargetID = 00FAA8B91D33803F000C1A5E;
					};
				};
			};
			buildConfigurationList = 00FAA8B51D33803F000C1A5E /* Build configuration list for PBXProject "TravisCITest" */;
			compatibilityVersion = "Xcode 3.2";
			developmentRegion = English;
			hasScannedForEncodings = 0;
			knownRegions = (
				en,
				Base,
			);
			mainGroup = 00FAA8B11D33803F000C1A5E;
			productRefGroup = 00FAA8BB1D33803F000C1A5E /* Products */;
			projectDirPath = "";
			projectRoot = "";
			targets = (
				00FAA8B91D33803F000C1A5E /* TravisCITest */,
				00FAA8CD1D33803F000C1A5E /* TravisCITestTests */,
			);
		};
/* End PBXProject section */

/* Begin PBXResourcesBuildPhase section */
		00FAA8B81D33803F000C1A5E /* Resources */ = {
			isa = PBXResourcesBuildPhase;
			buildActionMask = 2147483647;
			files = (
				00FAA8C51D33803F000C1A5E /* Assets.xcassets in Resources */,
				00FAA8C31D33803F000C1A5E /* Main.storyboard in Resources */,
			);
			runOnlyForDeploymentPostprocessing = 0;
		};
		00FAA8CC1D33803F000C1A5E /* Resources */ = {
			isa = PBXResourcesBuildPhase;
			buildActionMask = 2147483647;
			files = (
			);
			runOnlyForDeploymentPostprocessing = 0;
		};
/* End PBXResourcesBuildPhase section */

/* Begin PBXSourcesBuildPhase section */
		00FAA8B61D33803F000C1A5E /* Sources */ = {
			isa = PBXSourcesBuildPhase;
			buildActionMask = 2147483647;
			files = (
				00FAA8C01D33803F000C1A5E /* ViewController.swift in Sources */,
				00FAA8BE1D33803F000C1A5E /* AppDelegate.swift in Sources */,
			);
			runOnlyForDeploymentPostprocessing = 0;
		};
		00FAA8CA1D33803F000C1A5E /* Sources */ = {
			isa = PBXSourcesBuildPhase;
			buildActionMask = 2147483647;
			files = (
				00FAA8D31D33803F000C1A5E /* TravisCITestTests.swift in Sources */,
			);
			runOnlyForDeploymentPostprocessing = 0;
		};
/* End PBXSourcesBuildPhase section */

/* Begin PBXTargetDependency section */
		00FAA8D01D33803F000C1A5E /* PBXTargetDependency */ = {
			isa = PBXTargetDependency;
			target = 00FAA8B91D33803F000C1A5E /* TravisCITest */;
			targetProxy = 00FAA8CF1D33803F000C1A5E /* PBXContainerItemProxy */;
		};
/* End PBXTargetDependency section */

/* Begin PBXVariantGroup section */
		00FAA8C11D33803F000C1A5E /* Main.storyboard */ = {
			isa = PBXVariantGroup;
			children = (
				00FAA8C21D33803F000C1A5E /* Base */,
			);
			name = Main.storyboard;
			sourceTree = "<group>";
		};
/* End PBXVariantGroup section */

/* Begin XCBuildConfiguration section */
		00FAA8D51D33803F000C1A5E /* Debug */ = {
			isa = XCBuildConfiguration;
			buildSettings = {
				ALWAYS_SEARCH_USER_PATHS = NO;
				CLANG_ANALYZER_NONNULL = YES;
				CLANG_CXX_LANGUAGE_STANDARD = "gnu++0x";
				CLANG_CXX_LIBRARY = "libc++";
				CLANG_ENABLE_MODULES = YES;
				CLANG_ENABLE_OBJC_ARC = YES;
				CLANG_WARN_BOOL_CONVERSION = YES;
				CLANG_WARN_CONSTANT_CONVERSION = YES;
				CLANG_WARN_DIRECT_OBJC_ISA_USAGE = YES_ERROR;
				CLANG_WARN_EMPTY_BODY = YES;
				CLANG_WARN_ENUM_CONVERSION = YES;
				CLANG_WARN_INT_CONVERSION = YES;
				CLANG_WARN_OBJC_ROOT_CLASS = YES_ERROR;
				CLANG_WARN_UNREACHABLE_CODE = YES;
				CLANG_WARN__DUPLICATE_METHOD_MATCH = YES;
				"CODE_SIGN_IDENTITY[sdk=iphoneos*]" = "iPhone Developer";
				COPY_PHASE_STRIP = NO;
				DEBUG_INFORMATION_FORMAT = dwarf;
				ENABLE_STRICT_OBJC_MSGSEND = YES;
				ENABLE_TESTABILITY = YES;
				GCC_C_LANGUAGE_STANDARD = gnu99;
				GCC_DYNAMIC_NO_PIC = NO;
				GCC_NO_COMMON_BLOCKS = YES;
				GCC_OPTIMIZATION_LEVEL = 0;
				GCC_PREPROCESSOR_DEFINITIONS = (
					"DEBUG=1",
					"$(inherited)",
				);
				GCC_WARN_64_TO_32_BIT_CONVERSION = YES;
				GCC_WARN_ABOUT_RETURN_TYPE = YES_ERROR;
				GCC_WARN_UNDECLARED_SELECTOR = YES;
				GCC_WARN_UNINITIALIZED_AUTOS = YES_AGGRESSIVE;
				GCC_WARN_UNUSED_FUNCTION = YES;
				GCC_WARN_UNUSED_VARIABLE = YES;
				IPHONEOS_DEPLOYMENT_TARGET = 8.1;
				MTL_ENABLE_DEBUG_INFO = YES;
				ONLY_ACTIVE_ARCH = YES;
				SDKROOT = iphoneos;
				SWIFT_OPTIMIZATION_LEVEL = "-Onone";
				TARGETED_DEVICE_FAMILY = "1,2";
			};
			name = Debug;
		};
		00FAA8D61D33803F000C1A5E /* Release */ = {
			isa = XCBuildConfiguration;
			buildSettings = {
				ALWAYS_SEARCH_USER_PATHS = NO;
				CLANG_ANALYZER_NONNULL = YES;
				CLANG_CXX_LANGUAGE_STANDARD = "gnu++0x";
				CLANG_CXX_LIBRARY = "libc++";
				CLANG_ENABLE_MODULES = YES;
				CLANG_ENABLE_OBJC_ARC = YES;
				CLANG_WARN_BOOL_CONVERSION = YES;
				CLANG_WARN_CONSTANT_CONVERSION = YES;
				CLANG_WARN_DIRECT_OBJC_ISA_USAGE = YES_ERROR;
				CLANG_WARN_EMPTY_BODY = YES;
				CLANG_WARN_ENUM_CONVERSION = YES;
				CLANG_WARN_INT_CONVERSION = YES;
				CLANG_WARN_OBJC_ROOT_CLASS = YES_ERROR;
				CLANG_WARN_UNREACHABLE_CODE = YES;
				CLANG_WARN__DUPLICATE_METHOD_MATCH = YES;
				"CODE_SIGN_IDENTITY[sdk=iphoneos*]" = "iPhone Developer";
				COPY_PHASE_STRIP = NO;
				DEBUG_INFORMATION_FORMAT = "dwarf-with-dsym";
				ENABLE_NS_ASSERTIONS = NO;
				ENABLE_STRICT_OBJC_MSGSEND = YES;
				GCC_C_LANGUAGE_STANDARD = gnu99;
				GCC_NO_COMMON_BLOCKS = YES;
				GCC_WARN_64_TO_32_BIT_CONVERSION = YES;
				GCC_WARN_ABOUT_RETURN_TYPE = YES_ERROR;
				GCC_WARN_UNDECLARED_SELECTOR = YES;
				GCC_WARN_UNINITIALIZED_AUTOS = YES_AGGRESSIVE;
				GCC_WARN_UNUSED_FUNCTION = YES;
				GCC_WARN_UNUSED_VARIABLE = YES;
				IPHONEOS_DEPLOYMENT_TARGET = 8.1;
				MTL_ENABLE_DEBUG_INFO = NO;
				SDKROOT = iphoneos;
				TARGETED_DEVICE_FAMILY = "1,2";
				VALIDATE_PRODUCT = YES;
			};
			name = Release;
		};
		00FAA8D81D33803F000C1A5E /* Debug */ = {
			isa = XCBuildConfiguration;
			buildSettings = {
				ASSETCATALOG_COMPILER_APPICON_NAME = AppIcon;
				INFOPLIST_FILE = TravisCITest/Info.plist;
				LD_RUNPATH_SEARCH_PATHS = "$(inherited) @executable_path/Frameworks";
				PRODUCT_BUNDLE_IDENTIFIER = com.oat.TravisCITest;
				PRODUCT_NAME = "$(TARGET_NAME)";
			};
			name = Debug;
		};
		00FAA8D91D33803F000C1A5E /* Release */ = {
			isa = XCBuildConfiguration;
			buildSettings = {
				ASSETCATALOG_COMPILER_APPICON_NAME = AppIcon;
				INFOPLIST_FILE = TravisCITest/Info.plist;
				LD_RUNPATH_SEARCH_PATHS = "$(inherited) @executable_path/Frameworks";
				PRODUCT_BUNDLE_IDENTIFIER = com.oat.TravisCITest;
				PRODUCT_NAME = "$(TARGET_NAME)";
			};
			name = Release;
		};
		00FAA8DB1D33803F000C1A5E /* Debug */ = {
			isa = XCBuildConfiguration;
			buildSettings = {
				BUNDLE_LOADER = "$(TEST_HOST)";
				INFOPLIST_FILE = TravisCITestTests/Info.plist;
				LD_RUNPATH_SEARCH_PATHS = "$(inherited) @executable_path/Frameworks @loader_path/Frameworks";
				PRODUCT_BUNDLE_IDENTIFIER = com.oat.TravisCITestTests;
				PRODUCT_NAME = "$(TARGET_NAME)";
				TEST_HOST = "$(BUILT_PRODUCTS_DIR)/TravisCITest.app/TravisCITest";
			};
			name = Debug;
		};
		00FAA8DC1D33803F000C1A5E /* Release */ = {
			isa = XCBuildConfiguration;
			buildSettings = {
				BUNDLE_LOADER = "$(TEST_HOST)";
				INFOPLIST_FILE = TravisCITestTests/Info.plist;
				LD_RUNPATH_SEARCH_PATHS = "$(inherited) @executable_path/Frameworks @loader_path/Frameworks";
				PRODUCT_BUNDLE_IDENTIFIER = com.oat.TravisCITestTests;
				PRODUCT_NAME = "$(TARGET_NAME)";
				TEST_HOST = "$(BUILT_PRODUCTS_DIR)/TravisCITest.app/TravisCITest";
			};
			name = Release;
		};
/* End XCBuildConfiguration section */

/* Begin XCConfigurationList section */
		00FAA8B51D33803F000C1A5E /* Build configuration list for PBXProject "TravisCITest" */ = {
			isa = XCConfigurationList;
			buildConfigurations = (
				00FAA8D51D33803F000C1A5E /* Debug */,
				00FAA8D61D33803F000C1A5E /* Release */,
			);
			defaultConfigurationIsVisible = 0;
			defaultConfigurationName = Release;
		};
		00FAA8D71D33803F000C1A5E /* Build configuration list for PBXNativeTarget "TravisCITest" */ = {
			isa = XCConfigurationList;
			buildConfigurations = (
				00FAA8D81D33803F000C1A5E /* Debug */,
				00FAA8D91D33803F000C1A5E /* Release */,
			);
			defaultConfigurationIsVisible = 0;
			defaultConfigurationName = Release;
		};
		00FAA8DA1D33803F000C1A5E /* Build configuration list for PBXNativeTarget "TravisCITestTests" */ = {
			isa = XCConfigurationList;
			buildConfigurations = (
				00FAA8DB1D33803F000C1A5E /* Debug */,
				00FAA8DC1D33803F000C1A5E /* Release */,
			);
			defaultConfigurationIsVisible = 0;
			defaultConfigurationName = Release;
		};
/* End XCConfigurationList section */
	};
	rootObject = 00FAA8B21D33803F000C1A5E /* Project object */;
}
